Microsoft Visual Studio Solution File, Format Version 12.00
# Visual Studio Version 17
VisualStudioVersion = 17.5.2.0
MinimumVisualStudioVersion = 10.0.40219.1
Project("{FAE04EC0-301F-11D3-BF4B-00C04F79EFBC}") = "ResuMatch.Api", "ResuMatch.Api.csproj", "{57E188D0-6096-018E-C1CD-80C2873EC0BB}"
EndProject
Global
	GlobalSection(SolutionConfigurationPlatforms) = preSolution
		Debug|Any CPU = Debug|Any CPU
		Release|Any CPU = Release|Any CPU
	EndGlobalSection
	GlobalSection(ProjectConfigurationPlatforms) = postSolution
		{57E188D0-6096-018E-C1CD-80C2873EC0BB}.Debug|Any CPU.ActiveCfg = Debug|Any CPU
		{57E188D0-6096-018E-C1CD-80C2873EC0BB}.Debug|Any CPU.Build.0 = Debug|Any CPU
		{57E188D0-6096-018E-C1CD-80C2873EC0BB}.Release|Any CPU.ActiveCfg = Release|Any CPU
		{57E188D0-6096-018E-C1CD-80C2873EC0BB}.Release|Any CPU.Build.0 = Release|Any CPU
	EndGlobalSection
	GlobalSection(SolutionProperties) = preSolution
		HideSolutionNode = FALSE
	EndGlobalSection
	GlobalSection(ExtensibilityGlobals) = postSolution
		SolutionGuid = {E3FCCD7C-6D25-4903-9071-74E5B61AD486}
	EndGlobalSection
EndGlobal
