Microsoft Visual Studio Solution File, Format Version 12.00
# Visual Studio Version 17
VisualStudioVersion = 17.5.2.0
MinimumVisualStudioVersion = 10.0.40219.1
Project("{FAE04EC0-301F-11D3-BF4B-00C04F79EFBC}") = "ResuMatch.API.Tests", "ResuMatch.API.Tests.csproj", "{AA0B0239-175E-4A98-C65E-8BFE79C9DD80}"
EndProject
Global
	GlobalSection(SolutionConfigurationPlatforms) = preSolution
		Debug|Any CPU = Debug|Any CPU
		Release|Any CPU = Release|Any CPU
	EndGlobalSection
	GlobalSection(ProjectConfigurationPlatforms) = postSolution
		{AA0B0239-175E-4A98-C65E-8BFE79C9DD80}.Debug|Any CPU.ActiveCfg = Debug|Any CPU
		{AA0B0239-175E-4A98-C65E-8BFE79C9DD80}.Debug|Any CPU.Build.0 = Debug|Any CPU
		{AA0B0239-175E-4A98-C65E-8BFE79C9DD80}.Release|Any CPU.ActiveCfg = Release|Any CPU
		{AA0B0239-175E-4A98-C65E-8BFE79C9DD80}.Release|Any CPU.Build.0 = Release|Any CPU
	EndGlobalSection
	GlobalSection(SolutionProperties) = preSolution
		HideSolutionNode = FALSE
	EndGlobalSection
	GlobalSection(ExtensibilityGlobals) = postSolution
		SolutionGuid = {13392E58-06FF-4ED7-ADBD-4DB1E41BD605}
	EndGlobalSection
EndGlobal
